
Microsoft Visual Studio Solution File, Format Version 12.00
# Visual Studio Version 16
VisualStudioVersion = 16.0.31205.134
MinimumVisualStudioVersion = 10.0.40219.1
Project("{FAE04EC0-301F-11D3-BF4B-00C04F79EFBC}") = "PlayGame", "PlayGame\PlayGame.csproj", "{F1292536-4931-4A47-9F0A-11948E56214F}"
EndProject
Global
	GlobalSection(SolutionConfigurationPlatforms) = preSolution
		Debug|Any CPU = Debug|Any CPU
		Release|Any CPU = Release|Any CPU
	EndGlobalSection
	GlobalSection(ProjectConfigurationPlatforms) = postSolution
		{F1292536-4931-4A47-9F0A-11948E56214F}.Debug|Any CPU.ActiveCfg = Debug|Any CPU
		{F1292536-4931-4A47-9F0A-11948E56214F}.Debug|Any CPU.Build.0 = Debug|Any CPU
		{F1292536-4931-4A47-9F0A-11948E56214F}.Release|Any CPU.ActiveCfg = Release|Any CPU
		{F1292536-4931-4A47-9F0A-11948E56214F}.Release|Any CPU.Build.0 = Release|Any CPU
	EndGlobalSection
	GlobalSection(SolutionProperties) = preSolution
		HideSolutionNode = FALSE
	EndGlobalSection
	GlobalSection(ExtensibilityGlobals) = postSolution
		SolutionGuid = {C72620DB-2E7E-4C6F-A1DA-799936EA6696}
	EndGlobalSection
EndGlobal
